
Microsoft Visual Studio Solution File, Format Version 12.00
# Visual Studio Version 17
VisualStudioVersion = 17.5.33530.505
MinimumVisualStudioVersion = 10.0.40219.1
Project("{9A19103F-16F7-4668-BE54-9A1E7A4F7556}") = "Tyankaqq", "Tyankaqq\Tyankaqq.csproj", "{4B36AFCD-6784-4F81-9B27-92193C11C7C4}"
EndProject
Project("{9A19103F-16F7-4668-BE54-9A1E7A4F7556}") = "papaipapa", "papaipapa\papaipapa.csproj", "{E0933ECA-E9D2-424C-AE7A-392F5453C39B}"
EndProject
Project("{9A19103F-16F7-4668-BE54-9A1E7A4F7556}") = "ggwp", "ggwp\ggwp.csproj", "{1CE5C74D-6915-40A9-9DF8-5BCB023577D9}"
EndProject
Project("{9A19103F-16F7-4668-BE54-9A1E7A4F7556}") = "LabFedorov", "LabFedorov\LabFedorov.csproj", "{6C118388-3F4C-48CB-ACE7-5809A6A84268}"
EndProject
Project("{9A19103F-16F7-4668-BE54-9A1E7A4F7556}") = "Vandal", "Vandal\Vandal.csproj", "{A6F18A2F-E6F0-4053-A546-0851FF5CB733}"
EndProject
Project("{9A19103F-16F7-4668-BE54-9A1E7A4F7556}") = "ANGRY", "ANGRY\ANGRY.csproj", "{2B361EDC-83F7-492F-A3DB-E98CA884FB9F}"
EndProject
Project("{9A19103F-16F7-4668-BE54-9A1E7A4F7556}") = "PARIS 2007", "PARIS 2007\PARIS 2007.csproj", "{360C0C61-B04B-49A1-A640-270AA61F9232}"
EndProject
Project("{9A19103F-16F7-4668-BE54-9A1E7A4F7556}") = "Cataclysm", "Cataclysm\Cataclysm.csproj", "{7A0E92A8-A5E6-490E-A263-150415AC2000}"
EndProject
Project("{9A19103F-16F7-4668-BE54-9A1E7A4F7556}") = "lab5Fedorov", "lab5Fedorov\lab5Fedorov.csproj", "{2E4D2913-3D5D-4D8A-A087-3ABB6FEDC56B}"
EndProject
Project("{9A19103F-16F7-4668-BE54-9A1E7A4F7556}") = "BANKOMAT", "BANKOMAT\BANKOMAT.csproj", "{5AA16917-938B-46B0-8FFB-697B60DA6100}"
EndProject
Project("{FAE04EC0-301F-11D3-BF4B-00C04F79EFBC}") = "Lab6Fedororv", "Lab6Fedororv\Lab6Fedororv.csproj", "{4E0EFCD0-DD6C-43A4-9275-9B4EDD487756}"
EndProject
Global
	GlobalSection(SolutionConfigurationPlatforms) = preSolution
		Debug|Any CPU = Debug|Any CPU
		Release|Any CPU = Release|Any CPU
	EndGlobalSection
	GlobalSection(ProjectConfigurationPlatforms) = postSolution
		{4B36AFCD-6784-4F81-9B27-92193C11C7C4}.Debug|Any CPU.ActiveCfg = Debug|Any CPU
		{4B36AFCD-6784-4F81-9B27-92193C11C7C4}.Debug|Any CPU.Build.0 = Debug|Any CPU
		{4B36AFCD-6784-4F81-9B27-92193C11C7C4}.Release|Any CPU.ActiveCfg = Release|Any CPU
		{4B36AFCD-6784-4F81-9B27-92193C11C7C4}.Release|Any CPU.Build.0 = Release|Any CPU
		{E0933ECA-E9D2-424C-AE7A-392F5453C39B}.Debug|Any CPU.ActiveCfg = Debug|Any CPU
		{E0933ECA-E9D2-424C-AE7A-392F5453C39B}.Debug|Any CPU.Build.0 = Debug|Any CPU
		{E0933ECA-E9D2-424C-AE7A-392F5453C39B}.Release|Any CPU.ActiveCfg = Release|Any CPU
		{E0933ECA-E9D2-424C-AE7A-392F5453C39B}.Release|Any CPU.Build.0 = Release|Any CPU
		{1CE5C74D-6915-40A9-9DF8-5BCB023577D9}.Debug|Any CPU.ActiveCfg = Debug|Any CPU
		{1CE5C74D-6915-40A9-9DF8-5BCB023577D9}.Debug|Any CPU.Build.0 = Debug|Any CPU
		{1CE5C74D-6915-40A9-9DF8-5BCB023577D9}.Release|Any CPU.ActiveCfg = Release|Any CPU
		{1CE5C74D-6915-40A9-9DF8-5BCB023577D9}.Release|Any CPU.Build.0 = Release|Any CPU
		{6C118388-3F4C-48CB-ACE7-5809A6A84268}.Debug|Any CPU.ActiveCfg = Debug|Any CPU
		{6C118388-3F4C-48CB-ACE7-5809A6A84268}.Debug|Any CPU.Build.0 = Debug|Any CPU
		{6C118388-3F4C-48CB-ACE7-5809A6A84268}.Release|Any CPU.ActiveCfg = Release|Any CPU
		{6C118388-3F4C-48CB-ACE7-5809A6A84268}.Release|Any CPU.Build.0 = Release|Any CPU
		{A6F18A2F-E6F0-4053-A546-0851FF5CB733}.Debug|Any CPU.ActiveCfg = Debug|Any CPU
		{A6F18A2F-E6F0-4053-A546-0851FF5CB733}.Debug|Any CPU.Build.0 = Debug|Any CPU
		{A6F18A2F-E6F0-4053-A546-0851FF5CB733}.Release|Any CPU.ActiveCfg = Release|Any CPU
		{A6F18A2F-E6F0-4053-A546-0851FF5CB733}.Release|Any CPU.Build.0 = Release|Any CPU
		{2B361EDC-83F7-492F-A3DB-E98CA884FB9F}.Debug|Any CPU.ActiveCfg = Debug|Any CPU
		{2B361EDC-83F7-492F-A3DB-E98CA884FB9F}.Debug|Any CPU.Build.0 = Debug|Any CPU
		{2B361EDC-83F7-492F-A3DB-E98CA884FB9F}.Release|Any CPU.ActiveCfg = Release|Any CPU
		{2B361EDC-83F7-492F-A3DB-E98CA884FB9F}.Release|Any CPU.Build.0 = Release|Any CPU
		{360C0C61-B04B-49A1-A640-270AA61F9232}.Debug|Any CPU.ActiveCfg = Debug|Any CPU
		{360C0C61-B04B-49A1-A640-270AA61F9232}.Debug|Any CPU.Build.0 = Debug|Any CPU
		{360C0C61-B04B-49A1-A640-270AA61F9232}.Release|Any CPU.ActiveCfg = Release|Any CPU
		{360C0C61-B04B-49A1-A640-270AA61F9232}.Release|Any CPU.Build.0 = Release|Any CPU
		{7A0E92A8-A5E6-490E-A263-150415AC2000}.Debug|Any CPU.ActiveCfg = Debug|Any CPU
		{7A0E92A8-A5E6-490E-A263-150415AC2000}.Debug|Any CPU.Build.0 = Debug|Any CPU
		{7A0E92A8-A5E6-490E-A263-150415AC2000}.Release|Any CPU.ActiveCfg = Release|Any CPU
		{7A0E92A8-A5E6-490E-A263-150415AC2000}.Release|Any CPU.Build.0 = Release|Any CPU
		{2E4D2913-3D5D-4D8A-A087-3ABB6FEDC56B}.Debug|Any CPU.ActiveCfg = Debug|Any CPU
		{2E4D2913-3D5D-4D8A-A087-3ABB6FEDC56B}.Debug|Any CPU.Build.0 = Debug|Any CPU
		{2E4D2913-3D5D-4D8A-A087-3ABB6FEDC56B}.Release|Any CPU.ActiveCfg = Release|Any CPU
		{2E4D2913-3D5D-4D8A-A087-3ABB6FEDC56B}.Release|Any CPU.Build.0 = Release|Any CPU
		{5AA16917-938B-46B0-8FFB-697B60DA6100}.Debug|Any CPU.ActiveCfg = Debug|Any CPU
		{5AA16917-938B-46B0-8FFB-697B60DA6100}.Debug|Any CPU.Build.0 = Debug|Any CPU
		{5AA16917-938B-46B0-8FFB-697B60DA6100}.Release|Any CPU.ActiveCfg = Release|Any CPU
		{5AA16917-938B-46B0-8FFB-697B60DA6100}.Release|Any CPU.Build.0 = Release|Any CPU
		{4E0EFCD0-DD6C-43A4-9275-9B4EDD487756}.Debug|Any CPU.ActiveCfg = Debug|Any CPU
		{4E0EFCD0-DD6C-43A4-9275-9B4EDD487756}.Debug|Any CPU.Build.0 = Debug|Any CPU
		{4E0EFCD0-DD6C-43A4-9275-9B4EDD487756}.Release|Any CPU.ActiveCfg = Release|Any CPU
		{4E0EFCD0-DD6C-43A4-9275-9B4EDD487756}.Release|Any CPU.Build.0 = Release|Any CPU
	EndGlobalSection
	GlobalSection(SolutionProperties) = preSolution
		HideSolutionNode = FALSE
	EndGlobalSection
	GlobalSection(ExtensibilityGlobals) = postSolution
		SolutionGuid = {4C2C40E4-2D6A-4C8F-945F-F97C74230852}
	EndGlobalSection
EndGlobal
